
Microsoft Visual Studio Solution File, Format Version 12.00
Project("{FAE04EC0-301F-11D3-BF4B-00C04F79EFBC}") = "money-problem.Tests", "money-problem.Tests\money-problem.Tests.csproj", "{A53C984E-C16A-4D90-BFAE-E4314BF953B8}"
EndProject
Project("{FAE04EC0-301F-11D3-BF4B-00C04F79EFBC}") = "money-problem.Domain", "money-problem.Domain\money-problem.Domain.csproj", "{57503F50-187E-4592-BDA7-86264AC0001D}"
EndProject
Global
	GlobalSection(SolutionConfigurationPlatforms) = preSolution
		Debug|Any CPU = Debug|Any CPU
		Release|Any CPU = Release|Any CPU
	EndGlobalSection
	GlobalSection(ProjectConfigurationPlatforms) = postSolution
		{A53C984E-C16A-4D90-BFAE-E4314BF953B8}.Debug|Any CPU.ActiveCfg = Debug|Any CPU
		{A53C984E-C16A-4D90-BFAE-E4314BF953B8}.Debug|Any CPU.Build.0 = Debug|Any CPU
		{A53C984E-C16A-4D90-BFAE-E4314BF953B8}.Release|Any CPU.ActiveCfg = Release|Any CPU
		{A53C984E-C16A-4D90-BFAE-E4314BF953B8}.Release|Any CPU.Build.0 = Release|Any CPU
		{57503F50-187E-4592-BDA7-86264AC0001D}.Debug|Any CPU.ActiveCfg = Debug|Any CPU
		{57503F50-187E-4592-BDA7-86264AC0001D}.Debug|Any CPU.Build.0 = Debug|Any CPU
		{57503F50-187E-4592-BDA7-86264AC0001D}.Release|Any CPU.ActiveCfg = Release|Any CPU
		{57503F50-187E-4592-BDA7-86264AC0001D}.Release|Any CPU.Build.0 = Release|Any CPU
	EndGlobalSection
EndGlobal
